<?xml version="1.0" encoding="utf-8"?>
<Project ToolsVersion="4.0" xmlns="http://schemas.microsoft.com/developer/msbuild/2003">
  <ItemGroup>
    <Filter Include="Header Files">
      <UniqueIdentifier>{93995380-89BD-4b04-88EB-625FBE52EBFB}</UniqueIdentifier>
      <Extensions>h;hh;hpp;hxx;h++;hm;inl;inc;ipp;xsd</Extensions>
    </Filter>
    <Filter Include="Resource Files">
      <UniqueIdentifier>{67DA6AB6-F800-4c08-8B7A-83BB121AAD01}</UniqueIdentifier>
      <Extensions>rc;ico;cur;bmp;dlg;rc2;rct;bin;rgs;gif;jpg;jpeg;jpe;resx;tiff;tif;png;wav;mfcribbon-ms</Extensions>
    </Filter>
    <Filter Include="Utils">
      <UniqueIdentifier>{77f6cefb-6779-410d-b485-e853a6856676}</UniqueIdentifier>
    </Filter>
    <Filter Include="Vulkan">
      <UniqueIdentifier>{86b1c11e-fed2-4816-b5d6-9a0ad2028c82}</UniqueIdentifier>
    </Filter>
    <Filter Include="Main Files">
      <UniqueIdentifier>{4FC737F1-C7A5-4376-A066-2A32D752A2FF}</UniqueIdentifier>
      <Extensions>cpp;c;cc;cxx;c++;cppm;ixx;def;odl;idl;hpj;bat;asm;asmx</Extensions>
    </Filter>
    <Filter Include="Vulkan\Header Files">
      <UniqueIdentifier>{2bb93324-bd97-4368-beae-04d1642e9219}</UniqueIdentifier>
    </Filter>
    <Filter Include="Vulkan\Source Files">
      <UniqueIdentifier>{3922458a-0658-4583-b168-3812aaa53de7}</UniqueIdentifier>
    </Filter>
  </ItemGroup>
  <ItemGroup>
    <ClCompile Include="main.cpp">
      <Filter>Main Files</Filter>
    </ClCompile>
    <ClCompile Include="guiSystem.cpp">
      <Filter>Main Files</Filter>
    </ClCompile>
    <ClCompile Include="loader.cpp">
      <Filter>Utils</Filter>
    </ClCompile>
    <ClCompile Include="input.cpp">
      <Filter>Utils</Filter>
    </ClCompile>
    <ClCompile Include="VulkanSwapchain.cpp">
      <Filter>Vulkan\Source Files</Filter>
    </ClCompile>
    <ClCompile Include="VulkanUtils.cpp">
      <Filter>Vulkan\Source Files</Filter>
    </ClCompile>
    <ClCompile Include="VulkanBuffer.cpp">
      <Filter>Vulkan\Source Files</Filter>
    </ClCompile>
    <ClCompile Include="VulkanCmd.cpp">
      <Filter>Vulkan\Source Files</Filter>
    </ClCompile>
    <ClCompile Include="VulkanContext.cpp">
      <Filter>Vulkan\Source Files</Filter>
    </ClCompile>
    <ClCompile Include="VulkanDevice.cpp">
      <Filter>Vulkan\Source Files</Filter>
    </ClCompile>
    <ClCompile Include="VulkanImage.cpp">
      <Filter>Vulkan\Source Files</Filter>
    </ClCompile>
    <ClCompile Include="VulkanInstance.cpp">
      <Filter>Vulkan\Source Files</Filter>
    </ClCompile>
    <ClCompile Include="VulkanObject.cpp">
      <Filter>Vulkan\Source Files</Filter>
    </ClCompile>
    <ClCompile Include="VulkanPipeline.cpp">
      <Filter>Vulkan\Source Files</Filter>
    </ClCompile>
    <ClCompile Include="vma.cpp">
      <Filter>Vulkan\Source Files</Filter>
    </ClCompile>
  </ItemGroup>
  <ItemGroup>
    <ClInclude Include="loader.h">
      <Filter>Utils</Filter>
    </ClInclude>
    <ClInclude Include="input.h">
      <Filter>Utils</Filter>
    </ClInclude>
    <ClInclude Include="vulkan.h">
      <Filter>Vulkan\Header Files</Filter>
    </ClInclude>
    <ClInclude Include="VulkanBuffer.h">
      <Filter>Vulkan\Header Files</Filter>
    </ClInclude>
    <ClInclude Include="VulkanCmd.h">
      <Filter>Vulkan\Header Files</Filter>
    </ClInclude>
    <ClInclude Include="VulkanContext.h">
      <Filter>Vulkan\Header Files</Filter>
    </ClInclude>
    <ClInclude Include="VulkanDevice.h">
      <Filter>Vulkan\Header Files</Filter>
    </ClInclude>
    <ClInclude Include="VulkanImage.h">
      <Filter>Vulkan\Header Files</Filter>
    </ClInclude>
    <ClInclude Include="VulkanInstance.h">
      <Filter>Vulkan\Header Files</Filter>
    </ClInclude>
    <ClInclude Include="VulkanObject.h">
      <Filter>Vulkan\Header Files</Filter>
    </ClInclude>
    <ClInclude Include="VulkanPipeline.h">
      <Filter>Vulkan\Header Files</Filter>
    </ClInclude>
    <ClInclude Include="VulkanSwapchain.h">
      <Filter>Vulkan\Header Files</Filter>
    </ClInclude>
    <ClInclude Include="VulkanUtils.h">
      <Filter>Vulkan\Header Files</Filter>
    </ClInclude>
    <ClInclude Include="vma.hpp">
      <Filter>Vulkan\Header Files</Filter>
    </ClInclude>
  </ItemGroup>
</Project>